
Microsoft Visual Studio Solution File, Format Version 12.00
# Visual Studio Version 16
VisualStudioVersion = 16.0.31613.86
MinimumVisualStudioVersion = 10.0.40219.1
Project("{FAE04EC0-301F-11D3-BF4B-00C04F79EFBC}") = "Word2Text", "Word2Text\Word2Text.csproj", "{A8BAEA19-0D76-4CFF-B308-5DC9394346E3}"
EndProject
Global
	GlobalSection(SolutionConfigurationPlatforms) = preSolution
		Debug|Any CPU = Debug|Any CPU
		Release|Any CPU = Release|Any CPU
	EndGlobalSection
	GlobalSection(ProjectConfigurationPlatforms) = postSolution
		{A8BAEA19-0D76-4CFF-B308-5DC9394346E3}.Debug|Any CPU.ActiveCfg = Debug|Any CPU
		{A8BAEA19-0D76-4CFF-B308-5DC9394346E3}.Debug|Any CPU.Build.0 = Debug|Any CPU
		{A8BAEA19-0D76-4CFF-B308-5DC9394346E3}.Release|Any CPU.ActiveCfg = Release|Any CPU
		{A8BAEA19-0D76-4CFF-B308-5DC9394346E3}.Release|Any CPU.Build.0 = Release|Any CPU
	EndGlobalSection
	GlobalSection(SolutionProperties) = preSolution
		HideSolutionNode = FALSE
	EndGlobalSection
	GlobalSection(ExtensibilityGlobals) = postSolution
		SolutionGuid = {CF2315F8-31C0-48B6-905C-72FBE5ADB141}
	EndGlobalSection
EndGlobal
